
Microsoft Visual Studio Solution File, Format Version 12.00
# Visual Studio Version 16
VisualStudioVersion = 16.0.30011.22
MinimumVisualStudioVersion = 10.0.40219.1
Project("{888888A0-9F3D-457C-B088-3A5042F75D52}") = "Python Puzzle Box Game", "Python Puzzle Box Game.pyproj", "{0E27B2EF-3199-4773-821F-2AE3FFE43203}"
EndProject
Global
	GlobalSection(SolutionConfigurationPlatforms) = preSolution
		Debug|Any CPU = Debug|Any CPU
		Release|Any CPU = Release|Any CPU
	EndGlobalSection
	GlobalSection(ProjectConfigurationPlatforms) = postSolution
		{0E27B2EF-3199-4773-821F-2AE3FFE43203}.Debug|Any CPU.ActiveCfg = Debug|Any CPU
		{0E27B2EF-3199-4773-821F-2AE3FFE43203}.Release|Any CPU.ActiveCfg = Release|Any CPU
	EndGlobalSection
	GlobalSection(SolutionProperties) = preSolution
		HideSolutionNode = FALSE
	EndGlobalSection
	GlobalSection(ExtensibilityGlobals) = postSolution
		SolutionGuid = {4B017E3D-3953-4605-AFD0-19EDD547F66E}
	EndGlobalSection
EndGlobal
